// !$*UTF8*$!
{
	archiveVersion = 1;
	classes = {
	};
	objectVersion = 77;
	objects = {

/* Begin PBXBuildFile section */
		0B1C47E0271C39F491582413 /* TabManagerTests.swift in Sources */ = {isa = PBXBuildFile; fileRef = 68305DCB6293C4D86CCCF1CE /* TabManagerTests.swift */; };
		1224E51E32C936CD58B63104 /* TabBarView.swift in Sources */ = {isa = PBXBuildFile; fileRef = BAAA735FBB2A846ADA887D67 /* TabBarView.swift */; };
		1CA561A8833ACFE686AE0EBD /* PreferencesWindowController.swift in Sources */ = {isa = PBXBuildFile; fileRef = 7F83D00057E151D58E39F11A /* PreferencesWindowController.swift */; };
		2C3D1AC8A06EE3610C465D83 /* FileWatcher.swift in Sources */ = {isa = PBXBuildFile; fileRef = F6FE691D980EDD395DCAF205 /* FileWatcher.swift */; };
		38930523DDB89E9F3D6D3059 /* TabManager.swift in Sources */ = {isa = PBXBuildFile; fileRef = B05476AB22007C99513939FD /* TabManager.swift */; };
		45DFD1B1E20272264A65B545 /* FileIOTests.swift in Sources */ = {isa = PBXBuildFile; fileRef = 4EE7B0FE98BBD5C048CB8EAD /* FileIOTests.swift */; };
		6EBA66FE680FA8F4DC547F7E /* FindBarView.swift in Sources */ = {isa = PBXBuildFile; fileRef = 52317635604ED9ABAD476803 /* FindBarView.swift */; };
		751B52DD314B20E8FBDBFB58 /* main.swift in Sources */ = {isa = PBXBuildFile; fileRef = DFE00314F636B96E041D69FD /* main.swift */; };
		8A7DD86BC6697B65E4C16F94 /* MarkerBridge.swift in Sources */ = {isa = PBXBuildFile; fileRef = 11149E741A68525959D31440 /* MarkerBridge.swift */; };
		9F5251E7E5EF7351241F7AA2 /* AppearanceAwareView.swift in Sources */ = {isa = PBXBuildFile; fileRef = DC20E81E26242836136D96EF /* AppearanceAwareView.swift */; };
		A12E189F5368CC47B9734A5A /* MainWindowController.swift in Sources */ = {isa = PBXBuildFile; fileRef = 5C1BEDC717D9BBACECB8D5EF /* MainWindowController.swift */; };
		A894FD4EE843FF9EE3EC1464 /* FileTreeViewController.swift in Sources */ = {isa = PBXBuildFile; fileRef = 90B778882F87AE121D2DE618 /* FileTreeViewController.swift */; };
		B29553E1B1238006B7D4D5CF /* StatusBarView.swift in Sources */ = {isa = PBXBuildFile; fileRef = 4195D7BAABE0197C72922E81 /* StatusBarView.swift */; };
		B3DE63FFBA80008B20C68B26 /* OutlineViewController.swift in Sources */ = {isa = PBXBuildFile; fileRef = DF3996B75AAB6A48876833A7 /* OutlineViewController.swift */; };
		B8FA94ACA7EA582AF70E9997 /* SessionManager.swift in Sources */ = {isa = PBXBuildFile; fileRef = 621B1986DE69B991095ABBCF /* SessionManager.swift */; };
		CDEE81672D3C69789455BAE2 /* AppDelegate.swift in Sources */ = {isa = PBXBuildFile; fileRef = 927203E14146C707ED6DF35B /* AppDelegate.swift */; };
		CFD4FEE630E35FB2AABF412D /* FileIO.swift in Sources */ = {isa = PBXBuildFile; fileRef = 36EA6483BD202F2B736B2516 /* FileIO.swift */; };
		F17BAF3EB7AB8754D2D13B00 /* EditorWebViewController.swift in Sources */ = {isa = PBXBuildFile; fileRef = 492A178DBEEE70C788A5E79B /* EditorWebViewController.swift */; };
		F3EA349A8A8E5210525F8AD6 /* FileNode.swift in Sources */ = {isa = PBXBuildFile; fileRef = 2B2BEAFA38CF33208623EEFC /* FileNode.swift */; };
		F7245FE7EAD1A6FD3FCBA93C /* MarkerSchemeHandler.swift in Sources */ = {isa = PBXBuildFile; fileRef = D753F171491B7686CAE32385 /* MarkerSchemeHandler.swift */; };
		FD2371A82E607BA807130CFF /* MenuBuilder.swift in Sources */ = {isa = PBXBuildFile; fileRef = 7CB663D19559576E7C692166 /* MenuBuilder.swift */; };
/* End PBXBuildFile section */

/* Begin PBXContainerItemProxy section */
		B83557D0EAF65DCCAD434C1D /* PBXContainerItemProxy */ = {
			isa = PBXContainerItemProxy;
			containerPortal = 9B50577438AB843812B3FD39 /* Project object */;
			proxyType = 1;
			remoteGlobalIDString = 890D07BF01D35BBD9B452B22;
			remoteInfo = Marker;
		};
/* End PBXContainerItemProxy section */

/* Begin PBXFileReference section */
		11149E741A68525959D31440 /* MarkerBridge.swift */ = {isa = PBXFileReference; lastKnownFileType = sourcecode.swift; path = MarkerBridge.swift; sourceTree = "<group>"; };
		2B2BEAFA38CF33208623EEFC /* FileNode.swift */ = {isa = PBXFileReference; lastKnownFileType = sourcecode.swift; path = FileNode.swift; sourceTree = "<group>"; };
		36EA6483BD202F2B736B2516 /* FileIO.swift */ = {isa = PBXFileReference; lastKnownFileType = sourcecode.swift; path = FileIO.swift; sourceTree = "<group>"; };
		4195D7BAABE0197C72922E81 /* StatusBarView.swift */ = {isa = PBXFileReference; lastKnownFileType = sourcecode.swift; path = StatusBarView.swift; sourceTree = "<group>"; };
		492A178DBEEE70C788A5E79B /* EditorWebViewController.swift */ = {isa = PBXFileReference; lastKnownFileType = sourcecode.swift; path = EditorWebViewController.swift; sourceTree = "<group>"; };
		4EE7B0FE98BBD5C048CB8EAD /* FileIOTests.swift */ = {isa = PBXFileReference; lastKnownFileType = sourcecode.swift; path = FileIOTests.swift; sourceTree = "<group>"; };
		52317635604ED9ABAD476803 /* FindBarView.swift */ = {isa = PBXFileReference; lastKnownFileType = sourcecode.swift; path = FindBarView.swift; sourceTree = "<group>"; };
		5C1BEDC717D9BBACECB8D5EF /* MainWindowController.swift */ = {isa = PBXFileReference; lastKnownFileType = sourcecode.swift; path = MainWindowController.swift; sourceTree = "<group>"; };
		621B1986DE69B991095ABBCF /* SessionManager.swift */ = {isa = PBXFileReference; lastKnownFileType = sourcecode.swift; path = SessionManager.swift; sourceTree = "<group>"; };
		624E30132E40B5140B80FD2E /* Info.plist */ = {isa = PBXFileReference; lastKnownFileType = text.plist; path = Info.plist; sourceTree = "<group>"; };
		68305DCB6293C4D86CCCF1CE /* TabManagerTests.swift */ = {isa = PBXFileReference; lastKnownFileType = sourcecode.swift; path = TabManagerTests.swift; sourceTree = "<group>"; };
		6E59A6366F9B55652046DEE9 /* Marker.app */ = {isa = PBXFileReference; explicitFileType = wrapper.application; includeInIndex = 0; path = Marker.app; sourceTree = BUILT_PRODUCTS_DIR; };
		71055F046DFB8EE9DC994F43 /* Marker.entitlements */ = {isa = PBXFileReference; lastKnownFileType = text.plist.entitlements; path = Marker.entitlements; sourceTree = "<group>"; };
		7CB663D19559576E7C692166 /* MenuBuilder.swift */ = {isa = PBXFileReference; lastKnownFileType = sourcecode.swift; path = MenuBuilder.swift; sourceTree = "<group>"; };
		7F83D00057E151D58E39F11A /* PreferencesWindowController.swift */ = {isa = PBXFileReference; lastKnownFileType = sourcecode.swift; path = PreferencesWindowController.swift; sourceTree = "<group>"; };
		90B778882F87AE121D2DE618 /* FileTreeViewController.swift */ = {isa = PBXFileReference; lastKnownFileType = sourcecode.swift; path = FileTreeViewController.swift; sourceTree = "<group>"; };
		927203E14146C707ED6DF35B /* AppDelegate.swift */ = {isa = PBXFileReference; lastKnownFileType = sourcecode.swift; path = AppDelegate.swift; sourceTree = "<group>"; };
		B05476AB22007C99513939FD /* TabManager.swift */ = {isa = PBXFileReference; lastKnownFileType = sourcecode.swift; path = TabManager.swift; sourceTree = "<group>"; };
		B2382CD85835D762BEE05541 /* MarkerTests.xctest */ = {isa = PBXFileReference; explicitFileType = wrapper.cfbundle; includeInIndex = 0; path = MarkerTests.xctest; sourceTree = BUILT_PRODUCTS_DIR; };
		BAAA735FBB2A846ADA887D67 /* TabBarView.swift */ = {isa = PBXFileReference; lastKnownFileType = sourcecode.swift; path = TabBarView.swift; sourceTree = "<group>"; };
		D753F171491B7686CAE32385 /* MarkerSchemeHandler.swift */ = {isa = PBXFileReference; lastKnownFileType = sourcecode.swift; path = MarkerSchemeHandler.swift; sourceTree = "<group>"; };
		DC20E81E26242836136D96EF /* AppearanceAwareView.swift */ = {isa = PBXFileReference; lastKnownFileType = sourcecode.swift; path = AppearanceAwareView.swift; sourceTree = "<group>"; };
		DF3996B75AAB6A48876833A7 /* OutlineViewController.swift */ = {isa = PBXFileReference; lastKnownFileType = sourcecode.swift; path = OutlineViewController.swift; sourceTree = "<group>"; };
		DFE00314F636B96E041D69FD /* main.swift */ = {isa = PBXFileReference; lastKnownFileType = sourcecode.swift; path = main.swift; sourceTree = "<group>"; };
		F6FE691D980EDD395DCAF205 /* FileWatcher.swift */ = {isa = PBXFileReference; lastKnownFileType = sourcecode.swift; path = FileWatcher.swift; sourceTree = "<group>"; };
/* End PBXFileReference section */

/* Begin PBXGroup section */
		03AF1E9C70ED8DC2685BEEB2 /* Marker */ = {
			isa = PBXGroup;
			children = (
				927203E14146C707ED6DF35B /* AppDelegate.swift */,
				DC20E81E26242836136D96EF /* AppearanceAwareView.swift */,
				492A178DBEEE70C788A5E79B /* EditorWebViewController.swift */,
				36EA6483BD202F2B736B2516 /* FileIO.swift */,
				2B2BEAFA38CF33208623EEFC /* FileNode.swift */,
				90B778882F87AE121D2DE618 /* FileTreeViewController.swift */,
				F6FE691D980EDD395DCAF205 /* FileWatcher.swift */,
				52317635604ED9ABAD476803 /* FindBarView.swift */,
				624E30132E40B5140B80FD2E /* Info.plist */,
				DFE00314F636B96E041D69FD /* main.swift */,
				5C1BEDC717D9BBACECB8D5EF /* MainWindowController.swift */,
				71055F046DFB8EE9DC994F43 /* Marker.entitlements */,
				11149E741A68525959D31440 /* MarkerBridge.swift */,
				D753F171491B7686CAE32385 /* MarkerSchemeHandler.swift */,
				7CB663D19559576E7C692166 /* MenuBuilder.swift */,
				DF3996B75AAB6A48876833A7 /* OutlineViewController.swift */,
				7F83D00057E151D58E39F11A /* PreferencesWindowController.swift */,
				621B1986DE69B991095ABBCF /* SessionManager.swift */,
				4195D7BAABE0197C72922E81 /* StatusBarView.swift */,
				BAAA735FBB2A846ADA887D67 /* TabBarView.swift */,
				B05476AB22007C99513939FD /* TabManager.swift */,
			);
			path = Marker;
			sourceTree = "<group>";
		};
		8A911A771700584D35AA7FD8 /* MarkerTests */ = {
			isa = PBXGroup;
			children = (
				4EE7B0FE98BBD5C048CB8EAD /* FileIOTests.swift */,
				68305DCB6293C4D86CCCF1CE /* TabManagerTests.swift */,
			);
			path = MarkerTests;
			sourceTree = "<group>";
		};
		EE4422476AAEB333C55A4714 = {
			isa = PBXGroup;
			children = (
				03AF1E9C70ED8DC2685BEEB2 /* Marker */,
				8A911A771700584D35AA7FD8 /* MarkerTests */,
				EFE1D21C21A0A936EC2F2EC3 /* Products */,
			);
			sourceTree = "<group>";
		};
		EFE1D21C21A0A936EC2F2EC3 /* Products */ = {
			isa = PBXGroup;
			children = (
				6E59A6366F9B55652046DEE9 /* Marker.app */,
				B2382CD85835D762BEE05541 /* MarkerTests.xctest */,
			);
			name = Products;
			sourceTree = "<group>";
		};
/* End PBXGroup section */

/* Begin PBXNativeTarget section */
		890D07BF01D35BBD9B452B22 /* Marker */ = {
			isa = PBXNativeTarget;
			buildConfigurationList = B28D12255213E309549F9B7C /* Build configuration list for PBXNativeTarget "Marker" */;
			buildPhases = (
				10F9006E7F574340EA1FC484 /* Sources */,
				4A62B17AF063D372F4355681 /* Copy Editor Resources */,
			);
			buildRules = (
			);
			dependencies = (
			);
			name = Marker;
			packageProductDependencies = (
			);
			productName = Marker;
			productReference = 6E59A6366F9B55652046DEE9 /* Marker.app */;
			productType = "com.apple.product-type.application";
		};
		B220BD7169290F8B77BF320F /* MarkerTests */ = {
			isa = PBXNativeTarget;
			buildConfigurationList = D6040BF05BCB8295488A470D /* Build configuration list for PBXNativeTarget "MarkerTests" */;
			buildPhases = (
				C7F54C134808811A5FE32C8F /* Sources */,
			);
			buildRules = (
			);
			dependencies = (
				CF3E25CA2464469D92DCB676 /* PBXTargetDependency */,
			);
			name = MarkerTests;
			packageProductDependencies = (
			);
			productName = MarkerTests;
			productReference = B2382CD85835D762BEE05541 /* MarkerTests.xctest */;
			productType = "com.apple.product-type.bundle.unit-test";
		};
/* End PBXNativeTarget section */

/* Begin PBXProject section */
		9B50577438AB843812B3FD39 /* Project object */ = {
			isa = PBXProject;
			attributes = {
				BuildIndependentTargetsInParallel = YES;
				LastUpgradeCheck = 1500;
				TargetAttributes = {
					890D07BF01D35BBD9B452B22 = {
						ProvisioningStyle = Automatic;
					};
				};
			};
			buildConfigurationList = 5FBCCB0ADA36174AED3E84C1 /* Build configuration list for PBXProject "Marker" */;
			developmentRegion = en;
			hasScannedForEncodings = 0;
			knownRegions = (
				Base,
				en,
			);
			mainGroup = EE4422476AAEB333C55A4714;
			minimizedProjectReferenceProxies = 1;
			preferredProjectObjectVersion = 77;
			productRefGroup = EFE1D21C21A0A936EC2F2EC3 /* Products */;
			projectDirPath = "";
			projectRoot = "";
			targets = (
				890D07BF01D35BBD9B452B22 /* Marker */,
				B220BD7169290F8B77BF320F /* MarkerTests */,
			);
		};
/* End PBXProject section */

/* Begin PBXShellScriptBuildPhase section */
		4A62B17AF063D372F4355681 /* Copy Editor Resources */ = {
			isa = PBXShellScriptBuildPhase;
			alwaysOutOfDate = 1;
			buildActionMask = 2147483647;
			files = (
			);
			inputFileListPaths = (
			);
			inputPaths = (
			);
			name = "Copy Editor Resources";
			outputFileListPaths = (
			);
			outputPaths = (
			);
			runOnlyForDeploymentPostprocessing = 0;
			shellPath = /bin/sh;
			shellScript = "mkdir -p \"${BUILT_PRODUCTS_DIR}/${CONTENTS_FOLDER_PATH}/Resources\"\ncp -R \"${SRCROOT}/Marker/Resources/\"* \"${BUILT_PRODUCTS_DIR}/${CONTENTS_FOLDER_PATH}/Resources/\" 2>/dev/null || true\n";
		};
/* End PBXShellScriptBuildPhase section */

/* Begin PBXSourcesBuildPhase section */
		10F9006E7F574340EA1FC484 /* Sources */ = {
			isa = PBXSourcesBuildPhase;
			buildActionMask = 2147483647;
			files = (
				CDEE81672D3C69789455BAE2 /* AppDelegate.swift in Sources */,
				9F5251E7E5EF7351241F7AA2 /* AppearanceAwareView.swift in Sources */,
				F17BAF3EB7AB8754D2D13B00 /* EditorWebViewController.swift in Sources */,
				CFD4FEE630E35FB2AABF412D /* FileIO.swift in Sources */,
				F3EA349A8A8E5210525F8AD6 /* FileNode.swift in Sources */,
				A894FD4EE843FF9EE3EC1464 /* FileTreeViewController.swift in Sources */,
				2C3D1AC8A06EE3610C465D83 /* FileWatcher.swift in Sources */,
				6EBA66FE680FA8F4DC547F7E /* FindBarView.swift in Sources */,
				A12E189F5368CC47B9734A5A /* MainWindowController.swift in Sources */,
				8A7DD86BC6697B65E4C16F94 /* MarkerBridge.swift in Sources */,
				F7245FE7EAD1A6FD3FCBA93C /* MarkerSchemeHandler.swift in Sources */,
				FD2371A82E607BA807130CFF /* MenuBuilder.swift in Sources */,
				B3DE63FFBA80008B20C68B26 /* OutlineViewController.swift in Sources */,
				1CA561A8833ACFE686AE0EBD /* PreferencesWindowController.swift in Sources */,
				B8FA94ACA7EA582AF70E9997 /* SessionManager.swift in Sources */,
				B29553E1B1238006B7D4D5CF /* StatusBarView.swift in Sources */,
				1224E51E32C936CD58B63104 /* TabBarView.swift in Sources */,
				38930523DDB89E9F3D6D3059 /* TabManager.swift in Sources */,
				751B52DD314B20E8FBDBFB58 /* main.swift in Sources */,
			);
			runOnlyForDeploymentPostprocessing = 0;
		};
		C7F54C134808811A5FE32C8F /* Sources */ = {
			isa = PBXSourcesBuildPhase;
			buildActionMask = 2147483647;
			files = (
				45DFD1B1E20272264A65B545 /* FileIOTests.swift in Sources */,
				0B1C47E0271C39F491582413 /* TabManagerTests.swift in Sources */,
			);
			runOnlyForDeploymentPostprocessing = 0;
		};
/* End PBXSourcesBuildPhase section */

/* Begin PBXTargetDependency section */
		CF3E25CA2464469D92DCB676 /* PBXTargetDependency */ = {
			isa = PBXTargetDependency;
			target = 890D07BF01D35BBD9B452B22 /* Marker */;
			targetProxy = B83557D0EAF65DCCAD434C1D /* PBXContainerItemProxy */;
		};
/* End PBXTargetDependency section */

/* Begin XCBuildConfiguration section */
		2242FC3D2CD4F3A858AE4FE7 /* Release */ = {
			isa = XCBuildConfiguration;
			buildSettings = {
				BUNDLE_LOADER = "$(TEST_HOST)";
				COMBINE_HIDPI_IMAGES = YES;
				GENERATE_INFOPLIST_FILE = YES;
				LD_RUNPATH_SEARCH_PATHS = (
					"$(inherited)",
					"@executable_path/../Frameworks",
					"@loader_path/../Frameworks",
				);
				PRODUCT_BUNDLE_IDENTIFIER = com.marker.MarkerTests;
				SDKROOT = macosx;
				SWIFT_VERSION = 5.9;
				TEST_HOST = "$(BUILT_PRODUCTS_DIR)/Marker.app/Contents/MacOS/Marker";
			};
			name = Release;
		};
		3B06E69974E7BBDA24D621EA /* Release */ = {
			isa = XCBuildConfiguration;
			buildSettings = {
				ASSETCATALOG_COMPILER_APPICON_NAME = AppIcon;
				CODE_SIGN_ENTITLEMENTS = Marker/Marker.entitlements;
				CODE_SIGN_STYLE = Automatic;
				COMBINE_HIDPI_IMAGES = YES;
				ENABLE_HARDENED_RUNTIME = YES;
				INFOPLIST_FILE = Marker/Info.plist;
				LD_RUNPATH_SEARCH_PATHS = (
					"$(inherited)",
					"@executable_path/../Frameworks",
				);
				MACOSX_DEPLOYMENT_TARGET = 12.0;
				PRODUCT_BUNDLE_IDENTIFIER = com.marker.app;
				PRODUCT_NAME = Marker;
				SDKROOT = macosx;
				SWIFT_VERSION = 5.9;
			};
			name = Release;
		};
		6B75CAB29385B326549CDD47 /* Debug */ = {
			isa = XCBuildConfiguration;
			buildSettings = {
				ASSETCATALOG_COMPILER_APPICON_NAME = AppIcon;
				CODE_SIGN_ENTITLEMENTS = Marker/Marker.entitlements;
				CODE_SIGN_STYLE = Automatic;
				COMBINE_HIDPI_IMAGES = YES;
				ENABLE_HARDENED_RUNTIME = YES;
				INFOPLIST_FILE = Marker/Info.plist;
				LD_RUNPATH_SEARCH_PATHS = (
					"$(inherited)",
					"@executable_path/../Frameworks",
				);
				MACOSX_DEPLOYMENT_TARGET = 12.0;
				PRODUCT_BUNDLE_IDENTIFIER = com.marker.app;
				PRODUCT_NAME = Marker;
				SDKROOT = macosx;
				SWIFT_VERSION = 5.9;
			};
			name = Debug;
		};
		91287CE0B715644F4B1012E5 /* Debug */ = {
			isa = XCBuildConfiguration;
			buildSettings = {
				BUNDLE_LOADER = "$(TEST_HOST)";
				COMBINE_HIDPI_IMAGES = YES;
				GENERATE_INFOPLIST_FILE = YES;
				LD_RUNPATH_SEARCH_PATHS = (
					"$(inherited)",
					"@executable_path/../Frameworks",
					"@loader_path/../Frameworks",
				);
				PRODUCT_BUNDLE_IDENTIFIER = com.marker.MarkerTests;
				SDKROOT = macosx;
				SWIFT_VERSION = 5.9;
				TEST_HOST = "$(BUILT_PRODUCTS_DIR)/Marker.app/Contents/MacOS/Marker";
			};
			name = Debug;
		};
		950D7AA489D0E2683D64B0FB /* Debug */ = {
			isa = XCBuildConfiguration;
			buildSettings = {
				ALWAYS_SEARCH_USER_PATHS = NO;
				CLANG_ANALYZER_NONNULL = YES;
				CLANG_ANALYZER_NUMBER_OBJECT_CONVERSION = YES_AGGRESSIVE;
				CLANG_CXX_LANGUAGE_STANDARD = "gnu++14";
				CLANG_CXX_LIBRARY = "libc++";
				CLANG_ENABLE_MODULES = YES;
				CLANG_ENABLE_OBJC_ARC = YES;
				CLANG_ENABLE_OBJC_WEAK = YES;
				CLANG_WARN_BLOCK_CAPTURE_AUTORELEASING = YES;
				CLANG_WARN_BOOL_CONVERSION = YES;
				CLANG_WARN_COMMA = YES;
				CLANG_WARN_CONSTANT_CONVERSION = YES;
				CLANG_WARN_DEPRECATED_OBJC_IMPLEMENTATIONS = YES;
				CLANG_WARN_DIRECT_OBJC_ISA_USAGE = YES_ERROR;
				CLANG_WARN_DOCUMENTATION_COMMENTS = YES;
				CLANG_WARN_EMPTY_BODY = YES;
				CLANG_WARN_ENUM_CONVERSION = YES;
				CLANG_WARN_INFINITE_RECURSION = YES;
				CLANG_WARN_INT_CONVERSION = YES;
				CLANG_WARN_NON_LITERAL_NULL_CONVERSION = YES;
				CLANG_WARN_OBJC_IMPLICIT_RETAIN_SELF = YES;
				CLANG_WARN_OBJC_LITERAL_CONVERSION = YES;
				CLANG_WARN_OBJC_ROOT_CLASS = YES_ERROR;
				CLANG_WARN_QUOTED_INCLUDE_IN_FRAMEWORK_HEADER = YES;
				CLANG_WARN_RANGE_LOOP_ANALYSIS = YES;
				CLANG_WARN_STRICT_PROTOTYPES = YES;
				CLANG_WARN_SUSPICIOUS_MOVE = YES;
				CLANG_WARN_UNGUARDED_AVAILABILITY = YES_AGGRESSIVE;
				CLANG_WARN_UNREACHABLE_CODE = YES;
				CLANG_WARN__DUPLICATE_METHOD_MATCH = YES;
				COPY_PHASE_STRIP = NO;
				DEBUG_INFORMATION_FORMAT = dwarf;
				ENABLE_STRICT_OBJC_MSGSEND = YES;
				ENABLE_TESTABILITY = YES;
				GCC_C_LANGUAGE_STANDARD = gnu11;
				GCC_DYNAMIC_NO_PIC = NO;
				GCC_NO_COMMON_BLOCKS = YES;
				GCC_OPTIMIZATION_LEVEL = 0;
				GCC_PREPROCESSOR_DEFINITIONS = (
					"$(inherited)",
					"DEBUG=1",
				);
				GCC_WARN_64_TO_32_BIT_CONVERSION = YES;
				GCC_WARN_ABOUT_RETURN_TYPE = YES_ERROR;
				GCC_WARN_UNDECLARED_SELECTOR = YES;
				GCC_WARN_UNINITIALIZED_AUTOS = YES_AGGRESSIVE;
				GCC_WARN_UNUSED_FUNCTION = YES;
				GCC_WARN_UNUSED_VARIABLE = YES;
				MACOSX_DEPLOYMENT_TARGET = 12.0;
				MTL_ENABLE_DEBUG_INFO = INCLUDE_SOURCE;
				MTL_FAST_MATH = YES;
				ONLY_ACTIVE_ARCH = YES;
				PRODUCT_NAME = "$(TARGET_NAME)";
				SDKROOT = macosx;
				SWIFT_ACTIVE_COMPILATION_CONDITIONS = DEBUG;
				SWIFT_OPTIMIZATION_LEVEL = "-Onone";
				SWIFT_VERSION = 5.0;
			};
			name = Debug;
		};
		F54FBBCF38852A7DB73DD824 /* Release */ = {
			isa = XCBuildConfiguration;
			buildSettings = {
				ALWAYS_SEARCH_USER_PATHS = NO;
				CLANG_ANALYZER_NONNULL = YES;
				CLANG_ANALYZER_NUMBER_OBJECT_CONVERSION = YES_AGGRESSIVE;
				CLANG_CXX_LANGUAGE_STANDARD = "gnu++14";
				CLANG_CXX_LIBRARY = "libc++";
				CLANG_ENABLE_MODULES = YES;
				CLANG_ENABLE_OBJC_ARC = YES;
				CLANG_ENABLE_OBJC_WEAK = YES;
				CLANG_WARN_BLOCK_CAPTURE_AUTORELEASING = YES;
				CLANG_WARN_BOOL_CONVERSION = YES;
				CLANG_WARN_COMMA = YES;
				CLANG_WARN_CONSTANT_CONVERSION = YES;
				CLANG_WARN_DEPRECATED_OBJC_IMPLEMENTATIONS = YES;
				CLANG_WARN_DIRECT_OBJC_ISA_USAGE = YES_ERROR;
				CLANG_WARN_DOCUMENTATION_COMMENTS = YES;
				CLANG_WARN_EMPTY_BODY = YES;
				CLANG_WARN_ENUM_CONVERSION = YES;
				CLANG_WARN_INFINITE_RECURSION = YES;
				CLANG_WARN_INT_CONVERSION = YES;
				CLANG_WARN_NON_LITERAL_NULL_CONVERSION = YES;
				CLANG_WARN_OBJC_IMPLICIT_RETAIN_SELF = YES;
				CLANG_WARN_OBJC_LITERAL_CONVERSION = YES;
				CLANG_WARN_OBJC_ROOT_CLASS = YES_ERROR;
				CLANG_WARN_QUOTED_INCLUDE_IN_FRAMEWORK_HEADER = YES;
				CLANG_WARN_RANGE_LOOP_ANALYSIS = YES;
				CLANG_WARN_STRICT_PROTOTYPES = YES;
				CLANG_WARN_SUSPICIOUS_MOVE = YES;
				CLANG_WARN_UNGUARDED_AVAILABILITY = YES_AGGRESSIVE;
				CLANG_WARN_UNREACHABLE_CODE = YES;
				CLANG_WARN__DUPLICATE_METHOD_MATCH = YES;
				COPY_PHASE_STRIP = NO;
				DEBUG_INFORMATION_FORMAT = "dwarf-with-dsym";
				ENABLE_NS_ASSERTIONS = NO;
				ENABLE_STRICT_OBJC_MSGSEND = YES;
				GCC_C_LANGUAGE_STANDARD = gnu11;
				GCC_NO_COMMON_BLOCKS = YES;
				GCC_WARN_64_TO_32_BIT_CONVERSION = YES;
				GCC_WARN_ABOUT_RETURN_TYPE = YES_ERROR;
				GCC_WARN_UNDECLARED_SELECTOR = YES;
				GCC_WARN_UNINITIALIZED_AUTOS = YES_AGGRESSIVE;
				GCC_WARN_UNUSED_FUNCTION = YES;
				GCC_WARN_UNUSED_VARIABLE = YES;
				MACOSX_DEPLOYMENT_TARGET = 12.0;
				MTL_ENABLE_DEBUG_INFO = NO;
				MTL_FAST_MATH = YES;
				PRODUCT_NAME = "$(TARGET_NAME)";
				SDKROOT = macosx;
				SWIFT_COMPILATION_MODE = wholemodule;
				SWIFT_OPTIMIZATION_LEVEL = "-O";
				SWIFT_VERSION = 5.0;
			};
			name = Release;
		};
/* End XCBuildConfiguration section */

/* Begin XCConfigurationList section */
		5FBCCB0ADA36174AED3E84C1 /* Build configuration list for PBXProject "Marker" */ = {
			isa = XCConfigurationList;
			buildConfigurations = (
				950D7AA489D0E2683D64B0FB /* Debug */,
				F54FBBCF38852A7DB73DD824 /* Release */,
			);
			defaultConfigurationIsVisible = 0;
			defaultConfigurationName = Debug;
		};
		B28D12255213E309549F9B7C /* Build configuration list for PBXNativeTarget "Marker" */ = {
			isa = XCConfigurationList;
			buildConfigurations = (
				6B75CAB29385B326549CDD47 /* Debug */,
				3B06E69974E7BBDA24D621EA /* Release */,
			);
			defaultConfigurationIsVisible = 0;
			defaultConfigurationName = Debug;
		};
		D6040BF05BCB8295488A470D /* Build configuration list for PBXNativeTarget "MarkerTests" */ = {
			isa = XCConfigurationList;
			buildConfigurations = (
				91287CE0B715644F4B1012E5 /* Debug */,
				2242FC3D2CD4F3A858AE4FE7 /* Release */,
			);
			defaultConfigurationIsVisible = 0;
			defaultConfigurationName = Debug;
		};
/* End XCConfigurationList section */
	};
	rootObject = 9B50577438AB843812B3FD39 /* Project object */;
}
